
Microsoft Visual Studio Solution File, Format Version 12.00
# Visual Studio Version 17
VisualStudioVersion = 17.11.35222.181
MinimumVisualStudioVersion = 10.0.40219.1
Project("{9A19103F-16F7-4668-BE54-9A1E7A4F7556}") = "HelpdeskDAL", "HelpdeskDAL\HelpdeskDAL.csproj", "{8D0FF205-D683-4164-A678-A20D0E5D19F9}"
EndProject
Project("{9A19103F-16F7-4668-BE54-9A1E7A4F7556}") = "CasestudyTests", "CasestudyTests\CasestudyTests.csproj", "{570C8FE2-65D1-4A26-927F-4DC5AD1A7251}"
EndProject
Project("{9A19103F-16F7-4668-BE54-9A1E7A4F7556}") = "HelpdeskViewModels", "HelpdeskViewModels\HelpdeskViewModels.csproj", "{3FABE595-FD4E-4E87-B5AE-3F8D73B2C297}"
EndProject
Project("{FAE04EC0-301F-11D3-BF4B-00C04F79EFBC}") = "HelpdeskWebsite", "HelpdeskWebsite\HelpdeskWebsite.csproj", "{0FEA5B3F-A579-41E1-B4F3-BF149CBC80C7}"
EndProject
Global
	GlobalSection(SolutionConfigurationPlatforms) = preSolution
		Debug|Any CPU = Debug|Any CPU
		Release|Any CPU = Release|Any CPU
	EndGlobalSection
	GlobalSection(ProjectConfigurationPlatforms) = postSolution
		{8D0FF205-D683-4164-A678-A20D0E5D19F9}.Debug|Any CPU.ActiveCfg = Debug|Any CPU
		{8D0FF205-D683-4164-A678-A20D0E5D19F9}.Debug|Any CPU.Build.0 = Debug|Any CPU
		{8D0FF205-D683-4164-A678-A20D0E5D19F9}.Release|Any CPU.ActiveCfg = Release|Any CPU
		{8D0FF205-D683-4164-A678-A20D0E5D19F9}.Release|Any CPU.Build.0 = Release|Any CPU
		{570C8FE2-65D1-4A26-927F-4DC5AD1A7251}.Debug|Any CPU.ActiveCfg = Debug|Any CPU
		{570C8FE2-65D1-4A26-927F-4DC5AD1A7251}.Debug|Any CPU.Build.0 = Debug|Any CPU
		{570C8FE2-65D1-4A26-927F-4DC5AD1A7251}.Release|Any CPU.ActiveCfg = Release|Any CPU
		{570C8FE2-65D1-4A26-927F-4DC5AD1A7251}.Release|Any CPU.Build.0 = Release|Any CPU
		{3FABE595-FD4E-4E87-B5AE-3F8D73B2C297}.Debug|Any CPU.ActiveCfg = Debug|Any CPU
		{3FABE595-FD4E-4E87-B5AE-3F8D73B2C297}.Debug|Any CPU.Build.0 = Debug|Any CPU
		{3FABE595-FD4E-4E87-B5AE-3F8D73B2C297}.Release|Any CPU.ActiveCfg = Release|Any CPU
		{3FABE595-FD4E-4E87-B5AE-3F8D73B2C297}.Release|Any CPU.Build.0 = Release|Any CPU
		{0FEA5B3F-A579-41E1-B4F3-BF149CBC80C7}.Debug|Any CPU.ActiveCfg = Debug|Any CPU
		{0FEA5B3F-A579-41E1-B4F3-BF149CBC80C7}.Debug|Any CPU.Build.0 = Debug|Any CPU
		{0FEA5B3F-A579-41E1-B4F3-BF149CBC80C7}.Release|Any CPU.ActiveCfg = Release|Any CPU
		{0FEA5B3F-A579-41E1-B4F3-BF149CBC80C7}.Release|Any CPU.Build.0 = Release|Any CPU
	EndGlobalSection
	GlobalSection(SolutionProperties) = preSolution
		HideSolutionNode = FALSE
	EndGlobalSection
	GlobalSection(ExtensibilityGlobals) = postSolution
		SolutionGuid = {A3EF80E2-243E-4E41-B0EE-EB3962CB8D2B}
	EndGlobalSection
EndGlobal
